
Microsoft Visual Studio Solution File, Format Version 12.00
# Visual Studio Version 16
VisualStudioVersion = 16.0.30104.148
MinimumVisualStudioVersion = 10.0.40219.1
Project("{FAE04EC0-301F-11D3-BF4B-00C04F79EFBC}") = "willyou", "willyou.csproj", "{997F7725-EA0D-4206-94BB-58FC46D95CEA}"
EndProject
Global
	GlobalSection(SolutionConfigurationPlatforms) = preSolution
		Debug|Any CPU = Debug|Any CPU
		Release|Any CPU = Release|Any CPU
	EndGlobalSection
	GlobalSection(ProjectConfigurationPlatforms) = postSolution
		{997F7725-EA0D-4206-94BB-58FC46D95CEA}.Debug|Any CPU.ActiveCfg = Debug|Any CPU
		{997F7725-EA0D-4206-94BB-58FC46D95CEA}.Debug|Any CPU.Build.0 = Debug|Any CPU
		{997F7725-EA0D-4206-94BB-58FC46D95CEA}.Release|Any CPU.ActiveCfg = Release|Any CPU
		{997F7725-EA0D-4206-94BB-58FC46D95CEA}.Release|Any CPU.Build.0 = Release|Any CPU
	EndGlobalSection
	GlobalSection(SolutionProperties) = preSolution
		HideSolutionNode = FALSE
	EndGlobalSection
	GlobalSection(ExtensibilityGlobals) = postSolution
		SolutionGuid = {7A7F453A-3F68-4F08-B22E-2E544655E3A2}
	EndGlobalSection
EndGlobal
